# This file is automatically @generated by Poetry 1.8.5 and should not be changed by hand.

[[package]]
name = "dbus-python"
version = "1.3.2"
description = "Python bindings for libdbus"
optional = false
python-versions = ">=3.7"
files = [
    {file = "dbus-python-1.3.2.tar.gz", hash = "sha256:ad67819308618b5069537be237f8e68ca1c7fcc95ee4a121fe6845b1418248f8"},
]

[package.extras]
doc = ["sphinx", "sphinx_rtd_theme"]
test = ["tap.py"]

[[package]]
name = "pyotp"
version = "2.9.0"
description = "Python One Time Password Library"
optional = false
python-versions = ">=3.7"
files = [
    {file = "pyotp-2.9.0-py3-none-any.whl", hash = "sha256:81c2e5865b8ac55e825b0358e496e1d9387c811e85bb40e71a3b29b288963612"},
    {file = "pyotp-2.9.0.tar.gz", hash = "sha256:346b6642e0dbdde3b4ff5a930b664ca82abfa116356ed48cc42c7d6590d36f63"},
]

[package.extras]
test = ["coverage", "mypy", "ruff", "wheel"]

[[package]]
name = "setproctitle"
version = "1.3.4"
description = "A Python module to customize the process title"
optional = false
python-versions = ">=3.8"
files = [
    {file = "setproctitle-1.3.4-cp310-cp310-macosx_10_9_universal2.whl", hash = "sha256:0f6661a69c68349172ba7b4d5dd65fec2b0917abc99002425ad78c3e58cf7595"},
    {file = "setproctitle-1.3.4-cp310-cp310-macosx_11_0_arm64.whl", hash = "sha256:754bac5e470adac7f7ec2239c485cd0b75f8197ca8a5b86ffb20eb3a3676cc42"},
    {file = "setproctitle-1.3.4-cp310-cp310-manylinux_2_17_aarch64.manylinux2014_aarch64.whl", hash = "sha256:f7bc7088c15150745baf66db62a4ced4507d44419eb66207b609f91b64a682af"},
    {file = "setproctitle-1.3.4-cp310-cp310-manylinux_2_17_ppc64le.manylinux2014_ppc64le.whl", hash = "sha256:a46ef3ecf61e4840fbc1145fdd38acf158d0da7543eda7b773ed2b30f75c2830"},
    {file = "setproctitle-1.3.4-cp310-cp310-manylinux_2_5_i686.manylinux1_i686.manylinux_2_17_i686.manylinux2014_i686.whl", hash = "sha256:ffcb09d5c0ffa043254ec9a734a73f3791fec8bf6333592f906bb2e91ed2af1a"},
    {file = "setproctitle-1.3.4-cp310-cp310-manylinux_2_5_x86_64.manylinux1_x86_64.manylinux_2_17_x86_64.manylinux2014_x86_64.whl", hash = "sha256:06c16b7a91cdc5d700271899e4383384a61aae83a3d53d0e2e5a266376083342"},
    {file = "setproctitle-1.3.4-cp310-cp310-musllinux_1_2_aarch64.whl", hash = "sha256:9f9732e59863eaeedd3feef94b2b216cb86d40dda4fad2d0f0aaec3b31592716"},
    {file = "setproctitle-1.3.4-cp310-cp310-musllinux_1_2_i686.whl", hash = "sha256:e152f4ab9ea1632b5fecdd87cee354f2b2eb6e2dfc3aceb0eb36a01c1e12f94c"},
    {file = "setproctitle-1.3.4-cp310-cp310-musllinux_1_2_ppc64le.whl", hash = "sha256:020ea47a79b2bbd7bd7b94b85ca956ba7cb026e82f41b20d2e1dac4008cead25"},
    {file = "setproctitle-1.3.4-cp310-cp310-musllinux_1_2_x86_64.whl", hash = "sha256:8c52b12b10e4057fc302bd09cb3e3f28bb382c30c044eb3396e805179a8260e4"},
    {file = "setproctitle-1.3.4-cp310-cp310-win32.whl", hash = "sha256:a65a147f545f3fac86f11acb2d0b316d3e78139a9372317b7eb50561b2817ba0"},
    {file = "setproctitle-1.3.4-cp310-cp310-win_amd64.whl", hash = "sha256:66821fada6426998762a3650a37fba77e814a249a95b1183011070744aff47f6"},
    {file = "setproctitle-1.3.4-cp311-cp311-macosx_10_9_universal2.whl", hash = "sha256:f0f749f07002c2d6fecf37cedc43207a88e6c651926a470a5f229070cf791879"},
    {file = "setproctitle-1.3.4-cp311-cp311-macosx_11_0_arm64.whl", hash = "sha256:90ea8d302a5d30b948451d146e94674a3c5b020cc0ced9a1c28f8ddb0f203a5d"},
    {file = "setproctitle-1.3.4-cp311-cp311-manylinux_2_17_aarch64.manylinux2014_aarch64.whl", hash = "sha256:f859c88193ed466bee4eb9d45fbc29d2253e6aa3ccd9119c9a1d8d95f409a60d"},
    {file = "setproctitle-1.3.4-cp311-cp311-manylinux_2_17_ppc64le.manylinux2014_ppc64le.whl", hash = "sha256:b3afa5a0ed08a477ded239c05db14c19af585975194a00adf594d48533b23701"},
    {file = "setproctitle-1.3.4-cp311-cp311-manylinux_2_5_i686.manylinux1_i686.manylinux_2_17_i686.manylinux2014_i686.whl", hash = "sha256:10a78fce9018cc3e9a772b6537bbe3fe92380acf656c9f86db2f45e685af376e"},
    {file = "setproctitle-1.3.4-cp311-cp311-manylinux_2_5_x86_64.manylinux1_x86_64.manylinux_2_17_x86_64.manylinux2014_x86_64.whl", hash = "sha256:5d758e2eed2643afac5f2881542fbb5aa97640b54be20d0a5ed0691d02f0867d"},
    {file = "setproctitle-1.3.4-cp311-cp311-musllinux_1_2_aarch64.whl", hash = "sha256:ef133a1a2ee378d549048a12d56f4ef0e2b9113b0b25b6b77821e9af94d50634"},
    {file = "setproctitle-1.3.4-cp311-cp311-musllinux_1_2_i686.whl", hash = "sha256:1d2a154b79d5fb42d1eff06e05e22f0e8091261d877dd47b37d31352b74ecc37"},
    {file = "setproctitle-1.3.4-cp311-cp311-musllinux_1_2_ppc64le.whl", hash = "sha256:202eae632815571297833876a0f407d0d9c7ad9d843b38adbe687fe68c5192ee"},
    {file = "setproctitle-1.3.4-cp311-cp311-musllinux_1_2_x86_64.whl", hash = "sha256:2b0080819859e80a7776ac47cf6accb4b7ad313baf55fabac89c000480dcd103"},
    {file = "setproctitle-1.3.4-cp311-cp311-win32.whl", hash = "sha256:9c9d7d1267dee8c6627963d9376efa068858cfc8f573c083b1b6a2d297a8710f"},
    {file = "setproctitle-1.3.4-cp311-cp311-win_amd64.whl", hash = "sha256:475986ddf6df65d619acd52188336a20f616589403f5a5ceb3fc70cdc137037a"},
    {file = "setproctitle-1.3.4-cp312-cp312-macosx_10_13_universal2.whl", hash = "sha256:d06990dcfcd41bb3543c18dd25c8476fbfe1f236757f42fef560f6aa03ac8dfc"},
    {file = "setproctitle-1.3.4-cp312-cp312-macosx_11_0_arm64.whl", hash = "sha256:317218c9d8b17a010ab2d2f0851e8ef584077a38b1ba2b7c55c9e44e79a61e73"},
    {file = "setproctitle-1.3.4-cp312-cp312-manylinux_2_17_aarch64.manylinux2014_aarch64.whl", hash = "sha256:cb5fefb53b9d9f334a5d9ec518a36b92a10b936011ac8a6b6dffd60135f16459"},
    {file = "setproctitle-1.3.4-cp312-cp312-manylinux_2_17_ppc64le.manylinux2014_ppc64le.whl", hash = "sha256:0855006261635e8669646c7c304b494b6df0a194d2626683520103153ad63cc9"},
    {file = "setproctitle-1.3.4-cp312-cp312-manylinux_2_5_i686.manylinux1_i686.manylinux_2_17_i686.manylinux2014_i686.whl", hash = "sha256:1a88e466fcaee659679c1d64dcb2eddbcb4bfadffeb68ba834d9c173a25b6184"},
    {file = "setproctitle-1.3.4-cp312-cp312-manylinux_2_5_x86_64.manylinux1_x86_64.manylinux_2_17_x86_64.manylinux2014_x86_64.whl", hash = "sha256:f963b6ed8ba33eda374a98d979e8a0eaf21f891b6e334701693a2c9510613c4c"},
    {file = "setproctitle-1.3.4-cp312-cp312-musllinux_1_2_aarch64.whl", hash = "sha256:122c2e05697fa91f5d23f00bbe98a9da1bd457b32529192e934095fadb0853f1"},
    {file = "setproctitle-1.3.4-cp312-cp312-musllinux_1_2_i686.whl", hash = "sha256:1bba0a866f5895d5b769d8c36b161271c7fd407e5065862ab80ff91c29fbe554"},
    {file = "setproctitle-1.3.4-cp312-cp312-musllinux_1_2_ppc64le.whl", hash = "sha256:97f1f861998e326e640708488c442519ad69046374b2c3fe9bcc9869b387f23c"},
    {file = "setproctitle-1.3.4-cp312-cp312-musllinux_1_2_x86_64.whl", hash = "sha256:726aee40357d4bdb70115442cb85ccc8e8bc554fc0bbbaa3a57cbe81df42287d"},
    {file = "setproctitle-1.3.4-cp312-cp312-win32.whl", hash = "sha256:04d6ba8b816dbb0bfd62000b0c3e583160893e6e8c4233e1dca1a9ae4d95d924"},
    {file = "setproctitle-1.3.4-cp312-cp312-win_amd64.whl", hash = "sha256:9c76e43cb351ba8887371240b599925cdf3ecececc5dfb7125c71678e7722c55"},
    {file = "setproctitle-1.3.4-cp313-cp313-macosx_10_13_universal2.whl", hash = "sha256:d6e3b177e634aa6bbbfbf66d097b6d1cdb80fc60e912c7d8bace2e45699c07dd"},
    {file = "setproctitle-1.3.4-cp313-cp313-macosx_11_0_arm64.whl", hash = "sha256:6b17655a5f245b416e127e02087ea6347a48821cc4626bc0fd57101bfcd88afc"},
    {file = "setproctitle-1.3.4-cp313-cp313-manylinux_2_17_aarch64.manylinux2014_aarch64.whl", hash = "sha256:fa5057a86df920faab8ee83960b724bace01a3231eb8e3f2c93d78283504d598"},
    {file = "setproctitle-1.3.4-cp313-cp313-manylinux_2_17_ppc64le.manylinux2014_ppc64le.whl", hash = "sha256:149fdfb8a26a555780c4ce53c92e6d3c990ef7b30f90a675eca02e83c6d5f76d"},
    {file = "setproctitle-1.3.4-cp313-cp313-manylinux_2_5_i686.manylinux1_i686.manylinux_2_17_i686.manylinux2014_i686.whl", hash = "sha256:ded03546938a987f463c68ab98d683af87a83db7ac8093bbc179e77680be5ba2"},
    {file = "setproctitle-1.3.4-cp313-cp313-manylinux_2_5_x86_64.manylinux1_x86_64.manylinux_2_17_x86_64.manylinux2014_x86_64.whl", hash = "sha256:8ab9f5b7f2bbc1754bc6292d9a7312071058e5a891b0391e6d13b226133f36aa"},
    {file = "setproctitle-1.3.4-cp313-cp313-musllinux_1_2_aarch64.whl", hash = "sha256:0b19813c852566fa031902124336fa1f080c51e262fc90266a8c3d65ca47b74c"},
    {file = "setproctitle-1.3.4-cp313-cp313-musllinux_1_2_i686.whl", hash = "sha256:db78b645dc63c0ccffca367a498f3b13492fb106a2243a1e998303ba79c996e2"},
    {file = "setproctitle-1.3.4-cp313-cp313-musllinux_1_2_ppc64le.whl", hash = "sha256:b669aaac70bd9f03c070270b953f78d9ee56c4af6f0ff9f9cd3e6d1878c10b40"},
    {file = "setproctitle-1.3.4-cp313-cp313-musllinux_1_2_x86_64.whl", hash = "sha256:6dc3d656702791565994e64035a208be56b065675a5bc87b644c657d6d9e2232"},
    {file = "setproctitle-1.3.4-cp313-cp313-win32.whl", hash = "sha256:091f682809a4d12291cf0205517619d2e7014986b7b00ebecfde3d76f8ae5a8f"},
    {file = "setproctitle-1.3.4-cp313-cp313-win_amd64.whl", hash = "sha256:adcd6ba863a315702184d92d3d3bbff290514f24a14695d310f02ae5e28bd1f7"},
    {file = "setproctitle-1.3.4-cp38-cp38-macosx_10_9_universal2.whl", hash = "sha256:acf41cf91bbc5a36d1fa4455a818bb02bf2a4ccfed2f892ba166ba2fcbb0ec8a"},
    {file = "setproctitle-1.3.4-cp38-cp38-macosx_11_0_arm64.whl", hash = "sha256:ceb3ce3262b0e8e088e4117175591b7a82b3bdc5e52e33b1e74778b5fb53fd38"},
    {file = "setproctitle-1.3.4-cp38-cp38-manylinux_2_17_aarch64.manylinux2014_aarch64.whl", hash = "sha256:2b2ef636a6a25fe7f3d5a064bea0116b74a4c8c7df9646b17dc7386c439a26cf"},
    {file = "setproctitle-1.3.4-cp38-cp38-manylinux_2_17_ppc64le.manylinux2014_ppc64le.whl", hash = "sha256:28b8614de08679ae95bc4e8d6daaef6b61afdf027fa0d23bf13d619000286b3c"},
    {file = "setproctitle-1.3.4-cp38-cp38-manylinux_2_5_i686.manylinux1_i686.manylinux_2_17_i686.manylinux2014_i686.whl", hash = "sha256:24f3c8be826a7d44181eac2269b15b748b76d98cd9a539d4c69f09321dcb5c12"},
    {file = "setproctitle-1.3.4-cp38-cp38-manylinux_2_5_x86_64.manylinux1_x86_64.manylinux_2_17_x86_64.manylinux2014_x86_64.whl", hash = "sha256:fc9d79b1bf833af63b7c720a6604eb16453ac1ad4e718eb8b59d1f97d986b98c"},
    {file = "setproctitle-1.3.4-cp38-cp38-musllinux_1_2_aarch64.whl", hash = "sha256:fb693000b65842c85356b667d057ae0d0bac6519feca7e1c437cc2cfeb0afc59"},
    {file = "setproctitle-1.3.4-cp38-cp38-musllinux_1_2_i686.whl", hash = "sha256:a166251b8fbc6f2755e2ce9d3c11e9edb0c0c7d2ed723658ff0161fbce26ac1c"},
    {file = "setproctitle-1.3.4-cp38-cp38-musllinux_1_2_ppc64le.whl", hash = "sha256:0361428e6378911a378841509c56ba472d991cbed1a7e3078ec0cacc103da44a"},
    {file = "setproctitle-1.3.4-cp38-cp38-musllinux_1_2_x86_64.whl", hash = "sha256:62d66e0423e3bd520b4c897063506b309843a8d07343fbfad04197e91a4edd28"},
    {file = "setproctitle-1.3.4-cp38-cp38-win32.whl", hash = "sha256:5edd01909348f3b0b2da329836d6b5419cd4869fec2e118e8ff3275b38af6267"},
    {file = "setproctitle-1.3.4-cp38-cp38-win_amd64.whl", hash = "sha256:59e0dda9ad245921af0328035a961767026e1fa94bb65957ab0db0a0491325d6"},
    {file = "setproctitle-1.3.4-cp39-cp39-macosx_10_9_universal2.whl", hash = "sha256:bdaaa81a6e95a0a19fba0285f10577377f3503ae4e9988b403feba79da3e2f80"},
    {file = "setproctitle-1.3.4-cp39-cp39-macosx_11_0_arm64.whl", hash = "sha256:4ee5b19a2d794463bcc19153dfceede7beec784b4cf7967dec0bc0fc212ab3a3"},
    {file = "setproctitle-1.3.4-cp39-cp39-manylinux_2_17_aarch64.manylinux2014_aarch64.whl", hash = "sha256:3058a1bb0c767b3a6ccbb38b27ef870af819923eb732e21e44a3f300370fe159"},
    {file = "setproctitle-1.3.4-cp39-cp39-manylinux_2_17_ppc64le.manylinux2014_ppc64le.whl", hash = "sha256:5a97d37ee4fe0d1c6e87d2a97229c27a88787a8f4ebfbdeee95f91b818e52efe"},
    {file = "setproctitle-1.3.4-cp39-cp39-manylinux_2_5_i686.manylinux1_i686.manylinux_2_17_i686.manylinux2014_i686.whl", hash = "sha256:6e61dd7d05da11fc69bb86d51f1e0ee08f74dccf3ecf884c94de41135ffdc75d"},
    {file = "setproctitle-1.3.4-cp39-cp39-manylinux_2_5_x86_64.manylinux1_x86_64.manylinux_2_17_x86_64.manylinux2014_x86_64.whl", hash = "sha256:1eb115d53dc2a1299ae72f1119c96a556db36073bacb6da40c47ece5db0d9587"},
    {file = "setproctitle-1.3.4-cp39-cp39-musllinux_1_2_aarch64.whl", hash = "sha256:342570716e2647a51ea859b8a9126da9dc1a96a0153c9c0a3514effd60ab57ad"},
    {file = "setproctitle-1.3.4-cp39-cp39-musllinux_1_2_i686.whl", hash = "sha256:0ad212ae2b03951367a69584af034579b34e1e4199a75d377ef9f8e08ee299b1"},
    {file = "setproctitle-1.3.4-cp39-cp39-musllinux_1_2_ppc64le.whl", hash = "sha256:4afcb38e22122465013f4621b7e9ff8d42a7a48ae0ffeb94133a806cb91b4aad"},
    {file = "setproctitle-1.3.4-cp39-cp39-musllinux_1_2_x86_64.whl", hash = "sha256:30bb223e6c3f95ad9e9bb2a113292759e947d1cfd60dbd4adb55851c370006b2"},
    {file = "setproctitle-1.3.4-cp39-cp39-win32.whl", hash = "sha256:5f0521ed3bb9f02e9486573ea95e2062cd6bf036fa44e640bd54a06f22d85f35"},
    {file = "setproctitle-1.3.4-cp39-cp39-win_amd64.whl", hash = "sha256:0baadeb27f9e97e65922b4151f818b19c311d30b9efdb62af0e53b3db4006ce2"},
    {file = "setproctitle-1.3.4-pp310-pypy310_pp73-macosx_11_0_arm64.whl", hash = "sha256:939d364a187b2adfbf6ae488664277e717d56c7951a4ddeb4f23b281bc50bfe5"},
    {file = "setproctitle-1.3.4-pp310-pypy310_pp73-manylinux_2_5_i686.manylinux1_i686.manylinux_2_17_i686.manylinux2014_i686.whl", hash = "sha256:cb8a6a19be0cbf6da6fcbf3698b76c8af03fe83e4bd77c96c3922be3b88bf7da"},
    {file = "setproctitle-1.3.4-pp310-pypy310_pp73-manylinux_2_5_x86_64.manylinux1_x86_64.manylinux_2_17_x86_64.manylinux2014_x86_64.whl", hash = "sha256:779006f9e1aade9522a40e8d9635115ab15dd82b7af8e655967162e9c01e2573"},
    {file = "setproctitle-1.3.4-pp310-pypy310_pp73-win_amd64.whl", hash = "sha256:5519f2a7b8c535b0f1f77b30441476571373add72008230c81211ee17b423b57"},
    {file = "setproctitle-1.3.4-pp38-pypy38_pp73-macosx_11_0_arm64.whl", hash = "sha256:743836d484151334ebba1490d6907ca9e718fe815dcd5756f2a01bc3067d099c"},
    {file = "setproctitle-1.3.4-pp38-pypy38_pp73-manylinux_2_5_i686.manylinux1_i686.manylinux_2_17_i686.manylinux2014_i686.whl", hash = "sha256:abda20aff8d1751e48d7967fa8945fef38536b82366c49be39b83678d4be3893"},
    {file = "setproctitle-1.3.4-pp38-pypy38_pp73-manylinux_2_5_x86_64.manylinux1_x86_64.manylinux_2_17_x86_64.manylinux2014_x86_64.whl", hash = "sha256:1a2041b5788ce52f218b5be94af458e04470f997ab46fdebd57cf0b8374cc20e"},
    {file = "setproctitle-1.3.4-pp38-pypy38_pp73-win_amd64.whl", hash = "sha256:2c3b1ce68746557aa6e6f4547e76883925cdc7f8d7c7a9f518acd203f1265ca5"},
    {file = "setproctitle-1.3.4-pp39-pypy39_pp73-macosx_11_0_arm64.whl", hash = "sha256:0b6a4cbabf024cb263a45bdef425760f14470247ff223f0ec51699ca9046c0fe"},
    {file = "setproctitle-1.3.4-pp39-pypy39_pp73-manylinux_2_5_i686.manylinux1_i686.manylinux_2_17_i686.manylinux2014_i686.whl", hash = "sha256:3e55d7ecc68bdc80de5a553691a3ed260395d5362c19a266cf83cbb4e046551f"},
    {file = "setproctitle-1.3.4-pp39-pypy39_pp73-manylinux_2_5_x86_64.manylinux1_x86_64.manylinux_2_17_x86_64.manylinux2014_x86_64.whl", hash = "sha256:02ca3802902d91a89957f79da3ec44b25b5804c88026362cb85eea7c1fbdefd1"},
    {file = "setproctitle-1.3.4-pp39-pypy39_pp73-win_amd64.whl", hash = "sha256:47669fc8ed8b27baa2d698104732234b5389f6a59c37c046f6bcbf9150f7a94e"},
    {file = "setproctitle-1.3.4.tar.gz", hash = "sha256:3b40d32a3e1f04e94231ed6dfee0da9e43b4f9c6b5450d53e6dd7754c34e0c50"},
]

[package.extras]
test = ["pytest"]

[metadata]
lock-version = "2.0"
python-versions = "^3.12"
content-hash = "1a788da3e5f301313241a2a67e287f8d43d79ee3a39f74ef924bb5bca9aa5eca"
